
Microsoft Visual Studio Solution File, Format Version 12.00
# Visual Studio Version 17
VisualStudioVersion = 17.10.35013.160
MinimumVisualStudioVersion = 10.0.40219.1
Project("{FAE04EC0-301F-11D3-BF4B-00C04F79EFBC}") = "proyecto1", "proyecto1\proyecto1.csproj", "{DC2482A5-FCFB-4CFF-9461-116A5FFA75EE}"
EndProject
Global
	GlobalSection(SolutionConfigurationPlatforms) = preSolution
		Debug|Any CPU = Debug|Any CPU
		Release|Any CPU = Release|Any CPU
	EndGlobalSection
	GlobalSection(ProjectConfigurationPlatforms) = postSolution
		{DC2482A5-FCFB-4CFF-9461-116A5FFA75EE}.Debug|Any CPU.ActiveCfg = Debug|Any CPU
		{DC2482A5-FCFB-4CFF-9461-116A5FFA75EE}.Debug|Any CPU.Build.0 = Debug|Any CPU
		{DC2482A5-FCFB-4CFF-9461-116A5FFA75EE}.Release|Any CPU.ActiveCfg = Release|Any CPU
		{DC2482A5-FCFB-4CFF-9461-116A5FFA75EE}.Release|Any CPU.Build.0 = Release|Any CPU
	EndGlobalSection
	GlobalSection(SolutionProperties) = preSolution
		HideSolutionNode = FALSE
	EndGlobalSection
	GlobalSection(ExtensibilityGlobals) = postSolution
		SolutionGuid = {B9E9548E-858A-49B3-8566-5C926E498D2C}
	EndGlobalSection
EndGlobal
